
Microsoft Visual Studio Solution File, Format Version 12.00
# Visual Studio Version 16
VisualStudioVersion = 16.0.31112.23
MinimumVisualStudioVersion = 10.0.40219.1
Project("{FAE04EC0-301F-11D3-BF4B-00C04F79EFBC}") = "CanNetwork", "CanNetwork\CanNetwork.csproj", "{D70E3F49-86FB-4CB9-ADA0-19FAE4F08C16}"
EndProject
Global
	GlobalSection(SolutionConfigurationPlatforms) = preSolution
		Debug|Any CPU = Debug|Any CPU
		Release|Any CPU = Release|Any CPU
	EndGlobalSection
	GlobalSection(ProjectConfigurationPlatforms) = postSolution
		{D70E3F49-86FB-4CB9-ADA0-19FAE4F08C16}.Debug|Any CPU.ActiveCfg = Debug|Any CPU
		{D70E3F49-86FB-4CB9-ADA0-19FAE4F08C16}.Debug|Any CPU.Build.0 = Debug|Any CPU
		{D70E3F49-86FB-4CB9-ADA0-19FAE4F08C16}.Release|Any CPU.ActiveCfg = Release|Any CPU
		{D70E3F49-86FB-4CB9-ADA0-19FAE4F08C16}.Release|Any CPU.Build.0 = Release|Any CPU
	EndGlobalSection
	GlobalSection(SolutionProperties) = preSolution
		HideSolutionNode = FALSE
	EndGlobalSection
	GlobalSection(ExtensibilityGlobals) = postSolution
		SolutionGuid = {FE239964-DF79-47C5-8099-AB93FE7E6B09}
	EndGlobalSection
EndGlobal
